
Microsoft Visual Studio Solution File, Format Version 12.00
# Visual Studio Version 17
VisualStudioVersion = 17.2.32630.192
MinimumVisualStudioVersion = 10.0.40219.1
Project("{2150E333-8FDC-42A3-9474-1A3956D46DE8}") = "Services", "Services", "{5EA06726-199B-4C34-9539-BE8140E2CF2B}"
EndProject
Project("{2150E333-8FDC-42A3-9474-1A3956D46DE8}") = "Catalogo", "Catalogo", "{73A71841-0F6B-4717-B772-6446A712BC7B}"
EndProject
Project("{2150E333-8FDC-42A3-9474-1A3956D46DE8}") = "Core", "Core", "{D1DB1952-8A8D-4B1D-8475-1DE709A407C9}"
EndProject
Project("{9A19103F-16F7-4668-BE54-9A1E7A4F7556}") = "Suplee.Core", "src\Suplee.Core\Suplee.Core.csproj", "{6D88ADFF-AC52-4DE8-ADF8-DBF6A6F63719}"
EndProject
Project("{9A19103F-16F7-4668-BE54-9A1E7A4F7556}") = "Suplee.Catalogo.Domain", "src\Suplee.Catalogo.Domain\Suplee.Catalogo.Domain.csproj", "{00C7231C-E5D4-4C57-A8A3-8895EBF83C1C}"
EndProject
Project("{00D1A9C2-B5F0-4AF3-8072-F6C62B433612}") = "Suplee.Database", "src\Suplee.Database\Suplee.Database.sqlproj", "{753A3277-8A62-4529-865D-54C9BF5B7FBF}"
EndProject
Project("{9A19103F-16F7-4668-BE54-9A1E7A4F7556}") = "Suplee.Catalogo.Data", "src\Suplee.Catalogo.Data\Suplee.Catalogo.Data.csproj", "{A85DED76-23C9-4AA1-9F6E-0CF385B6C11B}"
EndProject
Project("{9A19103F-16F7-4668-BE54-9A1E7A4F7556}") = "Suplee.Catalogo.CrossCuttingIoC", "src\Suplee.Catalogo.CrossCuttingIoC\Suplee.Catalogo.CrossCuttingIoC.csproj", "{5F752736-2C29-486C-B0E6-F00B933B087B}"
EndProject
Project("{9A19103F-16F7-4668-BE54-9A1E7A4F7556}") = "Suplee.Api", "src\Suplee.Api\Suplee.Api.csproj", "{72F9FA56-BF64-44BC-8611-B0B335E21264}"
EndProject
Project("{2150E333-8FDC-42A3-9474-1A3956D46DE8}") = "BuildingBlocks", "BuildingBlocks", "{43930DFC-D7B5-48BB-9F88-081C49DAFC82}"
EndProject
Project("{9A19103F-16F7-4668-BE54-9A1E7A4F7556}") = "Suplee.EventSourcing", "src\Suplee.EventSourcing\Suplee.EventSourcing.csproj", "{3E8F1C51-7AE0-4AEA-93E9-57486ED0003F}"
EndProject
Project("{2150E333-8FDC-42A3-9474-1A3956D46DE8}") = "Tests", "Tests", "{D814A2E0-0745-4176-A5D8-54CD1F820A8B}"
EndProject
Project("{9A19103F-16F7-4668-BE54-9A1E7A4F7556}") = "Suplee.Test", "tests\Suplee.Test\Suplee.Test.csproj", "{4FAE6B29-908B-4CFC-B946-68A87B23D59B}"
EndProject
Project("{2150E333-8FDC-42A3-9474-1A3956D46DE8}") = "Externals", "Externals", "{CDD61DF7-E5E2-4C33-8D7C-0D2FF344C000}"
EndProject
Project("{9A19103F-16F7-4668-BE54-9A1E7A4F7556}") = "Suplee.ExternalService", "src\Suplee.ExternalService\Suplee.ExternalService.csproj", "{100AC0AD-7563-418D-B1D8-831CA63F912F}"
EndProject
Project("{9A19103F-16F7-4668-BE54-9A1E7A4F7556}") = "Suplee.ExternalService.CrossCuttingIoC", "src\Suplee.ExternalService.CrossCuttingIoC\Suplee.ExternalService.CrossCuttingIoC.csproj", "{8FEBD001-3997-4C38-ADD6-AFE192CCB757}"
EndProject
Project("{2150E333-8FDC-42A3-9474-1A3956D46DE8}") = "Identidade", "Identidade", "{46C06655-ED7C-41FB-B611-34175A38701E}"
EndProject
Project("{9A19103F-16F7-4668-BE54-9A1E7A4F7556}") = "Suplee.Identidade.Domain", "src\Suplee.Identidade.Domain\Suplee.Identidade.Domain.csproj", "{9C033CAC-DFCD-47A8-A524-9A8963ED3E9C}"
EndProject
Project("{9A19103F-16F7-4668-BE54-9A1E7A4F7556}") = "Suplee.Identidade.Data", "src\Suplee.Identidade.Data\Suplee.Identidade.Data.csproj", "{797128BC-15BD-4739-9298-07586AE02F76}"
EndProject
Project("{9A19103F-16F7-4668-BE54-9A1E7A4F7556}") = "Suplee.Identidade.CrossCuttingIoC", "src\Suplee.Identidade.CrossCuttingIoC\Suplee.Identidade.CrossCuttingIoC.csproj", "{D6C35FC4-F836-46E2-8E20-CA9F522B124F}"
EndProject
Project("{2150E333-8FDC-42A3-9474-1A3956D46DE8}") = "Teste", "Teste", "{729CA190-B606-4359-BA70-B2F9F00CCFF9}"
EndProject
Project("{9A19103F-16F7-4668-BE54-9A1E7A4F7556}") = "Suplee.Teste.Domain", "src\Suplee.Teste.Domain\Suplee.Teste.Domain.csproj", "{B668B978-121B-4DFA-9B9A-B68DD6161791}"
EndProject
Project("{9A19103F-16F7-4668-BE54-9A1E7A4F7556}") = "Suplee.Teste.Data", "src\Suplee.Teste.Data\Suplee.Teste.Data.csproj", "{0C73F882-D438-4FA1-B32A-12B18645D828}"
EndProject
Project("{9A19103F-16F7-4668-BE54-9A1E7A4F7556}") = "Suplee.Teste.CrossCuttingIoC", "src\Suplee.Teste.CrossCuttingIoC\Suplee.Teste.CrossCuttingIoC.csproj", "{D623F06B-AC07-4017-86B9-0028026BB6C7}"
EndProject
Project("{2150E333-8FDC-42A3-9474-1A3956D46DE8}") = "Vendas", "Vendas", "{E72DA030-4ED2-4B51-8885-89815CA99236}"
EndProject
Project("{9A19103F-16F7-4668-BE54-9A1E7A4F7556}") = "Suplee.Vendas.Domain", "src\Suplee.Vendas.Domain\Suplee.Vendas.Domain.csproj", "{D9367F71-BE7E-44CC-85C5-6816C544211E}"
EndProject
Project("{FAE04EC0-301F-11D3-BF4B-00C04F79EFBC}") = "Suplee.Vendas.Data", "src\Suplee.Vendas.Data\Suplee.Vendas.Data.csproj", "{F1558DA4-4A32-4F54-BED9-D9CDB0BE175D}"
EndProject
Project("{FAE04EC0-301F-11D3-BF4B-00C04F79EFBC}") = "Suplee.Vendas.CrossCuttingIoC", "src\Suplee.Vendas.CrossCuttingIoC\Suplee.Vendas.CrossCuttingIoC.csproj", "{6126F500-0EB4-44E5-A022-417C505F7967}"
EndProject
Global
	GlobalSection(SolutionConfigurationPlatforms) = preSolution
		Debug|Any CPU = Debug|Any CPU
		Release|Any CPU = Release|Any CPU
	EndGlobalSection
	GlobalSection(ProjectConfigurationPlatforms) = postSolution
		{6D88ADFF-AC52-4DE8-ADF8-DBF6A6F63719}.Debug|Any CPU.ActiveCfg = Debug|Any CPU
		{6D88ADFF-AC52-4DE8-ADF8-DBF6A6F63719}.Debug|Any CPU.Build.0 = Debug|Any CPU
		{6D88ADFF-AC52-4DE8-ADF8-DBF6A6F63719}.Release|Any CPU.ActiveCfg = Release|Any CPU
		{6D88ADFF-AC52-4DE8-ADF8-DBF6A6F63719}.Release|Any CPU.Build.0 = Release|Any CPU
		{00C7231C-E5D4-4C57-A8A3-8895EBF83C1C}.Debug|Any CPU.ActiveCfg = Debug|Any CPU
		{00C7231C-E5D4-4C57-A8A3-8895EBF83C1C}.Debug|Any CPU.Build.0 = Debug|Any CPU
		{00C7231C-E5D4-4C57-A8A3-8895EBF83C1C}.Release|Any CPU.ActiveCfg = Release|Any CPU
		{00C7231C-E5D4-4C57-A8A3-8895EBF83C1C}.Release|Any CPU.Build.0 = Release|Any CPU
		{753A3277-8A62-4529-865D-54C9BF5B7FBF}.Debug|Any CPU.ActiveCfg = Debug|Any CPU
		{753A3277-8A62-4529-865D-54C9BF5B7FBF}.Debug|Any CPU.Deploy.0 = Debug|Any CPU
		{753A3277-8A62-4529-865D-54C9BF5B7FBF}.Release|Any CPU.ActiveCfg = Release|Any CPU
		{753A3277-8A62-4529-865D-54C9BF5B7FBF}.Release|Any CPU.Deploy.0 = Release|Any CPU
		{A85DED76-23C9-4AA1-9F6E-0CF385B6C11B}.Debug|Any CPU.ActiveCfg = Debug|Any CPU
		{A85DED76-23C9-4AA1-9F6E-0CF385B6C11B}.Debug|Any CPU.Build.0 = Debug|Any CPU
		{A85DED76-23C9-4AA1-9F6E-0CF385B6C11B}.Release|Any CPU.ActiveCfg = Release|Any CPU
		{A85DED76-23C9-4AA1-9F6E-0CF385B6C11B}.Release|Any CPU.Build.0 = Release|Any CPU
		{5F752736-2C29-486C-B0E6-F00B933B087B}.Debug|Any CPU.ActiveCfg = Debug|Any CPU
		{5F752736-2C29-486C-B0E6-F00B933B087B}.Debug|Any CPU.Build.0 = Debug|Any CPU
		{5F752736-2C29-486C-B0E6-F00B933B087B}.Release|Any CPU.ActiveCfg = Release|Any CPU
		{5F752736-2C29-486C-B0E6-F00B933B087B}.Release|Any CPU.Build.0 = Release|Any CPU
		{72F9FA56-BF64-44BC-8611-B0B335E21264}.Debug|Any CPU.ActiveCfg = Debug|Any CPU
		{72F9FA56-BF64-44BC-8611-B0B335E21264}.Debug|Any CPU.Build.0 = Debug|Any CPU
		{72F9FA56-BF64-44BC-8611-B0B335E21264}.Release|Any CPU.ActiveCfg = Release|Any CPU
		{72F9FA56-BF64-44BC-8611-B0B335E21264}.Release|Any CPU.Build.0 = Release|Any CPU
		{3E8F1C51-7AE0-4AEA-93E9-57486ED0003F}.Debug|Any CPU.ActiveCfg = Debug|Any CPU
		{3E8F1C51-7AE0-4AEA-93E9-57486ED0003F}.Debug|Any CPU.Build.0 = Debug|Any CPU
		{3E8F1C51-7AE0-4AEA-93E9-57486ED0003F}.Release|Any CPU.ActiveCfg = Release|Any CPU
		{3E8F1C51-7AE0-4AEA-93E9-57486ED0003F}.Release|Any CPU.Build.0 = Release|Any CPU
		{4FAE6B29-908B-4CFC-B946-68A87B23D59B}.Debug|Any CPU.ActiveCfg = Debug|Any CPU
		{4FAE6B29-908B-4CFC-B946-68A87B23D59B}.Debug|Any CPU.Build.0 = Debug|Any CPU
		{4FAE6B29-908B-4CFC-B946-68A87B23D59B}.Release|Any CPU.ActiveCfg = Release|Any CPU
		{4FAE6B29-908B-4CFC-B946-68A87B23D59B}.Release|Any CPU.Build.0 = Release|Any CPU
		{100AC0AD-7563-418D-B1D8-831CA63F912F}.Debug|Any CPU.ActiveCfg = Debug|Any CPU
		{100AC0AD-7563-418D-B1D8-831CA63F912F}.Debug|Any CPU.Build.0 = Debug|Any CPU
		{100AC0AD-7563-418D-B1D8-831CA63F912F}.Release|Any CPU.ActiveCfg = Release|Any CPU
		{100AC0AD-7563-418D-B1D8-831CA63F912F}.Release|Any CPU.Build.0 = Release|Any CPU
		{8FEBD001-3997-4C38-ADD6-AFE192CCB757}.Debug|Any CPU.ActiveCfg = Debug|Any CPU
		{8FEBD001-3997-4C38-ADD6-AFE192CCB757}.Debug|Any CPU.Build.0 = Debug|Any CPU
		{8FEBD001-3997-4C38-ADD6-AFE192CCB757}.Release|Any CPU.ActiveCfg = Release|Any CPU
		{8FEBD001-3997-4C38-ADD6-AFE192CCB757}.Release|Any CPU.Build.0 = Release|Any CPU
		{9C033CAC-DFCD-47A8-A524-9A8963ED3E9C}.Debug|Any CPU.ActiveCfg = Debug|Any CPU
		{9C033CAC-DFCD-47A8-A524-9A8963ED3E9C}.Debug|Any CPU.Build.0 = Debug|Any CPU
		{9C033CAC-DFCD-47A8-A524-9A8963ED3E9C}.Release|Any CPU.ActiveCfg = Release|Any CPU
		{9C033CAC-DFCD-47A8-A524-9A8963ED3E9C}.Release|Any CPU.Build.0 = Release|Any CPU
		{797128BC-15BD-4739-9298-07586AE02F76}.Debug|Any CPU.ActiveCfg = Debug|Any CPU
		{797128BC-15BD-4739-9298-07586AE02F76}.Debug|Any CPU.Build.0 = Debug|Any CPU
		{797128BC-15BD-4739-9298-07586AE02F76}.Release|Any CPU.ActiveCfg = Release|Any CPU
		{797128BC-15BD-4739-9298-07586AE02F76}.Release|Any CPU.Build.0 = Release|Any CPU
		{D6C35FC4-F836-46E2-8E20-CA9F522B124F}.Debug|Any CPU.ActiveCfg = Debug|Any CPU
		{D6C35FC4-F836-46E2-8E20-CA9F522B124F}.Debug|Any CPU.Build.0 = Debug|Any CPU
		{D6C35FC4-F836-46E2-8E20-CA9F522B124F}.Release|Any CPU.ActiveCfg = Release|Any CPU
		{D6C35FC4-F836-46E2-8E20-CA9F522B124F}.Release|Any CPU.Build.0 = Release|Any CPU
		{B668B978-121B-4DFA-9B9A-B68DD6161791}.Debug|Any CPU.ActiveCfg = Debug|Any CPU
		{B668B978-121B-4DFA-9B9A-B68DD6161791}.Debug|Any CPU.Build.0 = Debug|Any CPU
		{B668B978-121B-4DFA-9B9A-B68DD6161791}.Release|Any CPU.ActiveCfg = Release|Any CPU
		{B668B978-121B-4DFA-9B9A-B68DD6161791}.Release|Any CPU.Build.0 = Release|Any CPU
		{0C73F882-D438-4FA1-B32A-12B18645D828}.Debug|Any CPU.ActiveCfg = Debug|Any CPU
		{0C73F882-D438-4FA1-B32A-12B18645D828}.Debug|Any CPU.Build.0 = Debug|Any CPU
		{0C73F882-D438-4FA1-B32A-12B18645D828}.Release|Any CPU.ActiveCfg = Release|Any CPU
		{0C73F882-D438-4FA1-B32A-12B18645D828}.Release|Any CPU.Build.0 = Release|Any CPU
		{D623F06B-AC07-4017-86B9-0028026BB6C7}.Debug|Any CPU.ActiveCfg = Debug|Any CPU
		{D623F06B-AC07-4017-86B9-0028026BB6C7}.Debug|Any CPU.Build.0 = Debug|Any CPU
		{D623F06B-AC07-4017-86B9-0028026BB6C7}.Release|Any CPU.ActiveCfg = Release|Any CPU
		{D623F06B-AC07-4017-86B9-0028026BB6C7}.Release|Any CPU.Build.0 = Release|Any CPU
		{D9367F71-BE7E-44CC-85C5-6816C544211E}.Debug|Any CPU.ActiveCfg = Debug|Any CPU
		{D9367F71-BE7E-44CC-85C5-6816C544211E}.Debug|Any CPU.Build.0 = Debug|Any CPU
		{D9367F71-BE7E-44CC-85C5-6816C544211E}.Release|Any CPU.ActiveCfg = Release|Any CPU
		{D9367F71-BE7E-44CC-85C5-6816C544211E}.Release|Any CPU.Build.0 = Release|Any CPU
		{F1558DA4-4A32-4F54-BED9-D9CDB0BE175D}.Debug|Any CPU.ActiveCfg = Debug|Any CPU
		{F1558DA4-4A32-4F54-BED9-D9CDB0BE175D}.Debug|Any CPU.Build.0 = Debug|Any CPU
		{F1558DA4-4A32-4F54-BED9-D9CDB0BE175D}.Release|Any CPU.ActiveCfg = Release|Any CPU
		{F1558DA4-4A32-4F54-BED9-D9CDB0BE175D}.Release|Any CPU.Build.0 = Release|Any CPU
		{6126F500-0EB4-44E5-A022-417C505F7967}.Debug|Any CPU.ActiveCfg = Debug|Any CPU
		{6126F500-0EB4-44E5-A022-417C505F7967}.Debug|Any CPU.Build.0 = Debug|Any CPU
		{6126F500-0EB4-44E5-A022-417C505F7967}.Release|Any CPU.ActiveCfg = Release|Any CPU
		{6126F500-0EB4-44E5-A022-417C505F7967}.Release|Any CPU.Build.0 = Release|Any CPU
	EndGlobalSection
	GlobalSection(SolutionProperties) = preSolution
		HideSolutionNode = FALSE
	EndGlobalSection
	GlobalSection(NestedProjects) = preSolution
		{73A71841-0F6B-4717-B772-6446A712BC7B} = {5EA06726-199B-4C34-9539-BE8140E2CF2B}
		{D1DB1952-8A8D-4B1D-8475-1DE709A407C9} = {5EA06726-199B-4C34-9539-BE8140E2CF2B}
		{6D88ADFF-AC52-4DE8-ADF8-DBF6A6F63719} = {D1DB1952-8A8D-4B1D-8475-1DE709A407C9}
		{00C7231C-E5D4-4C57-A8A3-8895EBF83C1C} = {73A71841-0F6B-4717-B772-6446A712BC7B}
		{A85DED76-23C9-4AA1-9F6E-0CF385B6C11B} = {73A71841-0F6B-4717-B772-6446A712BC7B}
		{5F752736-2C29-486C-B0E6-F00B933B087B} = {73A71841-0F6B-4717-B772-6446A712BC7B}
		{3E8F1C51-7AE0-4AEA-93E9-57486ED0003F} = {43930DFC-D7B5-48BB-9F88-081C49DAFC82}
		{4FAE6B29-908B-4CFC-B946-68A87B23D59B} = {D814A2E0-0745-4176-A5D8-54CD1F820A8B}
		{CDD61DF7-E5E2-4C33-8D7C-0D2FF344C000} = {5EA06726-199B-4C34-9539-BE8140E2CF2B}
		{100AC0AD-7563-418D-B1D8-831CA63F912F} = {CDD61DF7-E5E2-4C33-8D7C-0D2FF344C000}
		{8FEBD001-3997-4C38-ADD6-AFE192CCB757} = {CDD61DF7-E5E2-4C33-8D7C-0D2FF344C000}
		{46C06655-ED7C-41FB-B611-34175A38701E} = {5EA06726-199B-4C34-9539-BE8140E2CF2B}
		{9C033CAC-DFCD-47A8-A524-9A8963ED3E9C} = {46C06655-ED7C-41FB-B611-34175A38701E}
		{797128BC-15BD-4739-9298-07586AE02F76} = {46C06655-ED7C-41FB-B611-34175A38701E}
		{D6C35FC4-F836-46E2-8E20-CA9F522B124F} = {46C06655-ED7C-41FB-B611-34175A38701E}
		{729CA190-B606-4359-BA70-B2F9F00CCFF9} = {5EA06726-199B-4C34-9539-BE8140E2CF2B}
		{B668B978-121B-4DFA-9B9A-B68DD6161791} = {729CA190-B606-4359-BA70-B2F9F00CCFF9}
		{0C73F882-D438-4FA1-B32A-12B18645D828} = {729CA190-B606-4359-BA70-B2F9F00CCFF9}
		{D623F06B-AC07-4017-86B9-0028026BB6C7} = {729CA190-B606-4359-BA70-B2F9F00CCFF9}
		{E72DA030-4ED2-4B51-8885-89815CA99236} = {5EA06726-199B-4C34-9539-BE8140E2CF2B}
		{D9367F71-BE7E-44CC-85C5-6816C544211E} = {E72DA030-4ED2-4B51-8885-89815CA99236}
		{F1558DA4-4A32-4F54-BED9-D9CDB0BE175D} = {E72DA030-4ED2-4B51-8885-89815CA99236}
		{6126F500-0EB4-44E5-A022-417C505F7967} = {E72DA030-4ED2-4B51-8885-89815CA99236}
	EndGlobalSection
	GlobalSection(ExtensibilityGlobals) = postSolution
		SolutionGuid = {D537C530-F823-4ED5-8DAD-F1023CA0B6C2}
	EndGlobalSection
EndGlobal
