
Microsoft Visual Studio Solution File, Format Version 12.00
# Visual Studio Version 16
VisualStudioVersion = 16.0.31729.503
MinimumVisualStudioVersion = 10.0.40219.1
Project("{2150E333-8FDC-42A3-9474-1A3956D46DE8}") = "Services", "Services", "{5EA06726-199B-4C34-9539-BE8140E2CF2B}"
EndProject
Project("{2150E333-8FDC-42A3-9474-1A3956D46DE8}") = "Catalogo", "Catalogo", "{73A71841-0F6B-4717-B772-6446A712BC7B}"
EndProject
Project("{2150E333-8FDC-42A3-9474-1A3956D46DE8}") = "Core", "Core", "{D1DB1952-8A8D-4B1D-8475-1DE709A407C9}"
EndProject
Project("{9A19103F-16F7-4668-BE54-9A1E7A4F7556}") = "Suplee.Core", "src\Suplee.Core\Suplee.Core.csproj", "{6D88ADFF-AC52-4DE8-ADF8-DBF6A6F63719}"
EndProject
Project("{9A19103F-16F7-4668-BE54-9A1E7A4F7556}") = "Suplee.Catalogo.Domain", "src\Suplee.Catalogo.Domain\Suplee.Catalogo.Domain.csproj", "{00C7231C-E5D4-4C57-A8A3-8895EBF83C1C}"
EndProject
Project("{00D1A9C2-B5F0-4AF3-8072-F6C62B433612}") = "Suplee.Database", "src\Suplee.Database\Suplee.Database.sqlproj", "{753A3277-8A62-4529-865D-54C9BF5B7FBF}"
EndProject
Project("{9A19103F-16F7-4668-BE54-9A1E7A4F7556}") = "Suplee.Catalogo.Data", "src\Suplee.Catalogo.Data\Suplee.Catalogo.Data.csproj", "{A85DED76-23C9-4AA1-9F6E-0CF385B6C11B}"
EndProject
Project("{9A19103F-16F7-4668-BE54-9A1E7A4F7556}") = "Suplee.Catalogo.CrossCuttingIoC", "src\Suplee.Catalogo.CrossCuttingIoC\Suplee.Catalogo.CrossCuttingIoC.csproj", "{5F752736-2C29-486C-B0E6-F00B933B087B}"
EndProject
Project("{9A19103F-16F7-4668-BE54-9A1E7A4F7556}") = "Suplee.Catalogo.Api", "src\Suplee.Catalogo.Api\Suplee.Catalogo.Api.csproj", "{72F9FA56-BF64-44BC-8611-B0B335E21264}"
EndProject
Project("{2150E333-8FDC-42A3-9474-1A3956D46DE8}") = "BuildingBlocks", "BuildingBlocks", "{43930DFC-D7B5-48BB-9F88-081C49DAFC82}"
EndProject
Project("{9A19103F-16F7-4668-BE54-9A1E7A4F7556}") = "Suplee.EventSourcing", "src\Suplee.EventSourcing\Suplee.EventSourcing.csproj", "{3E8F1C51-7AE0-4AEA-93E9-57486ED0003F}"
EndProject
Project("{2150E333-8FDC-42A3-9474-1A3956D46DE8}") = "Tests", "Tests", "{D814A2E0-0745-4176-A5D8-54CD1F820A8B}"
EndProject
Project("{FAE04EC0-301F-11D3-BF4B-00C04F79EFBC}") = "Suplee.Test", "tests\Suplee.Test\Suplee.Test.csproj", "{4FAE6B29-908B-4CFC-B946-68A87B23D59B}"
EndProject
Global
	GlobalSection(SolutionConfigurationPlatforms) = preSolution
		Debug|Any CPU = Debug|Any CPU
		Release|Any CPU = Release|Any CPU
	EndGlobalSection
	GlobalSection(ProjectConfigurationPlatforms) = postSolution
		{6D88ADFF-AC52-4DE8-ADF8-DBF6A6F63719}.Debug|Any CPU.ActiveCfg = Debug|Any CPU
		{6D88ADFF-AC52-4DE8-ADF8-DBF6A6F63719}.Debug|Any CPU.Build.0 = Debug|Any CPU
		{6D88ADFF-AC52-4DE8-ADF8-DBF6A6F63719}.Release|Any CPU.ActiveCfg = Release|Any CPU
		{6D88ADFF-AC52-4DE8-ADF8-DBF6A6F63719}.Release|Any CPU.Build.0 = Release|Any CPU
		{00C7231C-E5D4-4C57-A8A3-8895EBF83C1C}.Debug|Any CPU.ActiveCfg = Debug|Any CPU
		{00C7231C-E5D4-4C57-A8A3-8895EBF83C1C}.Debug|Any CPU.Build.0 = Debug|Any CPU
		{00C7231C-E5D4-4C57-A8A3-8895EBF83C1C}.Release|Any CPU.ActiveCfg = Release|Any CPU
		{00C7231C-E5D4-4C57-A8A3-8895EBF83C1C}.Release|Any CPU.Build.0 = Release|Any CPU
		{753A3277-8A62-4529-865D-54C9BF5B7FBF}.Debug|Any CPU.ActiveCfg = Debug|Any CPU
		{753A3277-8A62-4529-865D-54C9BF5B7FBF}.Debug|Any CPU.Build.0 = Debug|Any CPU
		{753A3277-8A62-4529-865D-54C9BF5B7FBF}.Debug|Any CPU.Deploy.0 = Debug|Any CPU
		{753A3277-8A62-4529-865D-54C9BF5B7FBF}.Release|Any CPU.ActiveCfg = Release|Any CPU
		{753A3277-8A62-4529-865D-54C9BF5B7FBF}.Release|Any CPU.Build.0 = Release|Any CPU
		{753A3277-8A62-4529-865D-54C9BF5B7FBF}.Release|Any CPU.Deploy.0 = Release|Any CPU
		{A85DED76-23C9-4AA1-9F6E-0CF385B6C11B}.Debug|Any CPU.ActiveCfg = Debug|Any CPU
		{A85DED76-23C9-4AA1-9F6E-0CF385B6C11B}.Debug|Any CPU.Build.0 = Debug|Any CPU
		{A85DED76-23C9-4AA1-9F6E-0CF385B6C11B}.Release|Any CPU.ActiveCfg = Release|Any CPU
		{A85DED76-23C9-4AA1-9F6E-0CF385B6C11B}.Release|Any CPU.Build.0 = Release|Any CPU
		{5F752736-2C29-486C-B0E6-F00B933B087B}.Debug|Any CPU.ActiveCfg = Debug|Any CPU
		{5F752736-2C29-486C-B0E6-F00B933B087B}.Debug|Any CPU.Build.0 = Debug|Any CPU
		{5F752736-2C29-486C-B0E6-F00B933B087B}.Release|Any CPU.ActiveCfg = Release|Any CPU
		{5F752736-2C29-486C-B0E6-F00B933B087B}.Release|Any CPU.Build.0 = Release|Any CPU
		{72F9FA56-BF64-44BC-8611-B0B335E21264}.Debug|Any CPU.ActiveCfg = Debug|Any CPU
		{72F9FA56-BF64-44BC-8611-B0B335E21264}.Debug|Any CPU.Build.0 = Debug|Any CPU
		{72F9FA56-BF64-44BC-8611-B0B335E21264}.Release|Any CPU.ActiveCfg = Release|Any CPU
		{72F9FA56-BF64-44BC-8611-B0B335E21264}.Release|Any CPU.Build.0 = Release|Any CPU
		{3E8F1C51-7AE0-4AEA-93E9-57486ED0003F}.Debug|Any CPU.ActiveCfg = Debug|Any CPU
		{3E8F1C51-7AE0-4AEA-93E9-57486ED0003F}.Debug|Any CPU.Build.0 = Debug|Any CPU
		{3E8F1C51-7AE0-4AEA-93E9-57486ED0003F}.Release|Any CPU.ActiveCfg = Release|Any CPU
		{3E8F1C51-7AE0-4AEA-93E9-57486ED0003F}.Release|Any CPU.Build.0 = Release|Any CPU
		{4FAE6B29-908B-4CFC-B946-68A87B23D59B}.Debug|Any CPU.ActiveCfg = Debug|Any CPU
		{4FAE6B29-908B-4CFC-B946-68A87B23D59B}.Debug|Any CPU.Build.0 = Debug|Any CPU
		{4FAE6B29-908B-4CFC-B946-68A87B23D59B}.Release|Any CPU.ActiveCfg = Release|Any CPU
		{4FAE6B29-908B-4CFC-B946-68A87B23D59B}.Release|Any CPU.Build.0 = Release|Any CPU
	EndGlobalSection
	GlobalSection(SolutionProperties) = preSolution
		HideSolutionNode = FALSE
	EndGlobalSection
	GlobalSection(NestedProjects) = preSolution
		{73A71841-0F6B-4717-B772-6446A712BC7B} = {5EA06726-199B-4C34-9539-BE8140E2CF2B}
		{D1DB1952-8A8D-4B1D-8475-1DE709A407C9} = {5EA06726-199B-4C34-9539-BE8140E2CF2B}
		{6D88ADFF-AC52-4DE8-ADF8-DBF6A6F63719} = {D1DB1952-8A8D-4B1D-8475-1DE709A407C9}
		{00C7231C-E5D4-4C57-A8A3-8895EBF83C1C} = {73A71841-0F6B-4717-B772-6446A712BC7B}
		{A85DED76-23C9-4AA1-9F6E-0CF385B6C11B} = {73A71841-0F6B-4717-B772-6446A712BC7B}
		{5F752736-2C29-486C-B0E6-F00B933B087B} = {73A71841-0F6B-4717-B772-6446A712BC7B}
		{72F9FA56-BF64-44BC-8611-B0B335E21264} = {73A71841-0F6B-4717-B772-6446A712BC7B}
		{3E8F1C51-7AE0-4AEA-93E9-57486ED0003F} = {43930DFC-D7B5-48BB-9F88-081C49DAFC82}
		{4FAE6B29-908B-4CFC-B946-68A87B23D59B} = {D814A2E0-0745-4176-A5D8-54CD1F820A8B}
	EndGlobalSection
	GlobalSection(ExtensibilityGlobals) = postSolution
		SolutionGuid = {D537C530-F823-4ED5-8DAD-F1023CA0B6C2}
	EndGlobalSection
EndGlobal
